// !$*UTF8*$!
{
	archiveVersion = 1;
	classes = {
	};
	objectVersion = 50;
	objects = {

/* Begin PBXBuildFile section */
		3DA9FF9326D704E800CF9023 /* AppDelegate.swift in Sources */ = {isa = PBXBuildFile; fileRef = 3DA9FF9226D704E800CF9023 /* AppDelegate.swift */; };
		3DA9FF9526D704E800CF9023 /* ViewController.swift in Sources */ = {isa = PBXBuildFile; fileRef = 3DA9FF9426D704E800CF9023 /* ViewController.swift */; };
		3DA9FF9826D704E800CF9023 /* Main.storyboard in Resources */ = {isa = PBXBuildFile; fileRef = 3DA9FF9626D704E800CF9023 /* Main.storyboard */; };
		3DA9FF9A26D704EA00CF9023 /* Assets.xcassets in Resources */ = {isa = PBXBuildFile; fileRef = 3DA9FF9926D704EA00CF9023 /* Assets.xcassets */; };
		3DA9FF9D26D704EA00CF9023 /* LaunchScreen.storyboard in Resources */ = {isa = PBXBuildFile; fileRef = 3DA9FF9B26D704EA00CF9023 /* LaunchScreen.storyboard */; };
		3DA9FFA826D704EA00CF9023 /* Practica2Tests.swift in Sources */ = {isa = PBXBuildFile; fileRef = 3DA9FFA726D704EA00CF9023 /* Practica2Tests.swift */; };
		3DA9FFB326D704EA00CF9023 /* Practica2UITests.swift in Sources */ = {isa = PBXBuildFile; fileRef = 3DA9FFB226D704EA00CF9023 /* Practica2UITests.swift */; };
/* End PBXBuildFile section */

/* Begin PBXContainerItemProxy section */
		3DA9FFA426D704EA00CF9023 /* PBXContainerItemProxy */ = {
			isa = PBXContainerItemProxy;
			containerPortal = 3DA9FF8726D704E800CF9023 /* Project object */;
			proxyType = 1;
			remoteGlobalIDString = 3DA9FF8E26D704E800CF9023;
			remoteInfo = Practica2;
		};
		3DA9FFAF26D704EA00CF9023 /* PBXContainerItemProxy */ = {
			isa = PBXContainerItemProxy;
			containerPortal = 3DA9FF8726D704E800CF9023 /* Project object */;
			proxyType = 1;
			remoteGlobalIDString = 3DA9FF8E26D704E800CF9023;
			remoteInfo = Practica2;
		};
/* End PBXContainerItemProxy section */

/* Begin PBXFileReference section */
		3DA9FF8F26D704E800CF9023 /* Practica2.app */ = {isa = PBXFileReference; explicitFileType = wrapper.application; includeInIndex = 0; path = Practica2.app; sourceTree = BUILT_PRODUCTS_DIR; };
		3DA9FF9226D704E800CF9023 /* AppDelegate.swift */ = {isa = PBXFileReference; lastKnownFileType = sourcecode.swift; path = AppDelegate.swift; sourceTree = "<group>"; };
		3DA9FF9426D704E800CF9023 /* ViewController.swift */ = {isa = PBXFileReference; lastKnownFileType = sourcecode.swift; path = ViewController.swift; sourceTree = "<group>"; };
		3DA9FF9726D704E800CF9023 /* Base */ = {isa = PBXFileReference; lastKnownFileType = file.storyboard; name = Base; path = Base.lproj/Main.storyboard; sourceTree = "<group>"; };
		3DA9FF9926D704EA00CF9023 /* Assets.xcassets */ = {isa = PBXFileReference; lastKnownFileType = folder.assetcatalog; path = Assets.xcassets; sourceTree = "<group>"; };
		3DA9FF9C26D704EA00CF9023 /* Base */ = {isa = PBXFileReference; lastKnownFileType = file.storyboard; name = Base; path = Base.lproj/LaunchScreen.storyboard; sourceTree = "<group>"; };
		3DA9FF9E26D704EA00CF9023 /* Info.plist */ = {isa = PBXFileReference; lastKnownFileType = text.plist.xml; path = Info.plist; sourceTree = "<group>"; };
		3DA9FFA326D704EA00CF9023 /* Practica2Tests.xctest */ = {isa = PBXFileReference; explicitFileType = wrapper.cfbundle; includeInIndex = 0; path = Practica2Tests.xctest; sourceTree = BUILT_PRODUCTS_DIR; };
		3DA9FFA726D704EA00CF9023 /* Practica2Tests.swift */ = {isa = PBXFileReference; lastKnownFileType = sourcecode.swift; path = Practica2Tests.swift; sourceTree = "<group>"; };
		3DA9FFA926D704EA00CF9023 /* Info.plist */ = {isa = PBXFileReference; lastKnownFileType = text.plist.xml; path = Info.plist; sourceTree = "<group>"; };
		3DA9FFAE26D704EA00CF9023 /* Practica2UITests.xctest */ = {isa = PBXFileReference; explicitFileType = wrapper.cfbundle; includeInIndex = 0; path = Practica2UITests.xctest; sourceTree = BUILT_PRODUCTS_DIR; };
		3DA9FFB226D704EA00CF9023 /* Practica2UITests.swift */ = {isa = PBXFileReference; lastKnownFileType = sourcecode.swift; path = Practica2UITests.swift; sourceTree = "<group>"; };
		3DA9FFB426D704EA00CF9023 /* Info.plist */ = {isa = PBXFileReference; lastKnownFileType = text.plist.xml; path = Info.plist; sourceTree = "<group>"; };
/* End PBXFileReference section */

/* Begin PBXFrameworksBuildPhase section */
		3DA9FF8C26D704E800CF9023 /* Frameworks */ = {
			isa = PBXFrameworksBuildPhase;
			buildActionMask = 2147483647;
			files = (
			);
			runOnlyForDeploymentPostprocessing = 0;
		};
		3DA9FFA026D704EA00CF9023 /* Frameworks */ = {
			isa = PBXFrameworksBuildPhase;
			buildActionMask = 2147483647;
			files = (
			);
			runOnlyForDeploymentPostprocessing = 0;
		};
		3DA9FFAB26D704EA00CF9023 /* Frameworks */ = {
			isa = PBXFrameworksBuildPhase;
			buildActionMask = 2147483647;
			files = (
			);
			runOnlyForDeploymentPostprocessing = 0;
		};
/* End PBXFrameworksBuildPhase section */

/* Begin PBXGroup section */
		3DA9FF8626D704E800CF9023 = {
			isa = PBXGroup;
			children = (
				3DA9FF9126D704E800CF9023 /* Practica2 */,
				3DA9FFA626D704EA00CF9023 /* Practica2Tests */,
				3DA9FFB126D704EA00CF9023 /* Practica2UITests */,
				3DA9FF9026D704E800CF9023 /* Products */,
			);
			sourceTree = "<group>";
		};
		3DA9FF9026D704E800CF9023 /* Products */ = {
			isa = PBXGroup;
			children = (
				3DA9FF8F26D704E800CF9023 /* Practica2.app */,
				3DA9FFA326D704EA00CF9023 /* Practica2Tests.xctest */,
				3DA9FFAE26D704EA00CF9023 /* Practica2UITests.xctest */,
			);
			name = Products;
			sourceTree = "<group>";
		};
		3DA9FF9126D704E800CF9023 /* Practica2 */ = {
			isa = PBXGroup;
			children = (
				3DA9FF9226D704E800CF9023 /* AppDelegate.swift */,
				3DA9FF9426D704E800CF9023 /* ViewController.swift */,
				3DA9FF9626D704E800CF9023 /* Main.storyboard */,
				3DA9FF9926D704EA00CF9023 /* Assets.xcassets */,
				3DA9FF9B26D704EA00CF9023 /* LaunchScreen.storyboard */,
				3DA9FF9E26D704EA00CF9023 /* Info.plist */,
			);
			path = Practica2;
			sourceTree = "<group>";
		};
		3DA9FFA626D704EA00CF9023 /* Practica2Tests */ = {
			isa = PBXGroup;
			children = (
				3DA9FFA726D704EA00CF9023 /* Practica2Tests.swift */,
				3DA9FFA926D704EA00CF9023 /* Info.plist */,
			);
			path = Practica2Tests;
			sourceTree = "<group>";
		};
		3DA9FFB126D704EA00CF9023 /* Practica2UITests */ = {
			isa = PBXGroup;
			children = (
				3DA9FFB226D704EA00CF9023 /* Practica2UITests.swift */,
				3DA9FFB426D704EA00CF9023 /* Info.plist */,
			);
			path = Practica2UITests;
			sourceTree = "<group>";
		};
/* End PBXGroup section */

/* Begin PBXNativeTarget section */
		3DA9FF8E26D704E800CF9023 /* Practica2 */ = {
			isa = PBXNativeTarget;
			buildConfigurationList = 3DA9FFB726D704EA00CF9023 /* Build configuration list for PBXNativeTarget "Practica2" */;
			buildPhases = (
				3DA9FF8B26D704E800CF9023 /* Sources */,
				3DA9FF8C26D704E800CF9023 /* Frameworks */,
				3DA9FF8D26D704E800CF9023 /* Resources */,
			);
			buildRules = (
			);
			dependencies = (
			);
			name = Practica2;
			productName = Practica2;
			productReference = 3DA9FF8F26D704E800CF9023 /* Practica2.app */;
			productType = "com.apple.product-type.application";
		};
		3DA9FFA226D704EA00CF9023 /* Practica2Tests */ = {
			isa = PBXNativeTarget;
			buildConfigurationList = 3DA9FFBA26D704EA00CF9023 /* Build configuration list for PBXNativeTarget "Practica2Tests" */;
			buildPhases = (
				3DA9FF9F26D704EA00CF9023 /* Sources */,
				3DA9FFA026D704EA00CF9023 /* Frameworks */,
				3DA9FFA126D704EA00CF9023 /* Resources */,
			);
			buildRules = (
			);
			dependencies = (
				3DA9FFA526D704EA00CF9023 /* PBXTargetDependency */,
			);
			name = Practica2Tests;
			productName = Practica2Tests;
			productReference = 3DA9FFA326D704EA00CF9023 /* Practica2Tests.xctest */;
			productType = "com.apple.product-type.bundle.unit-test";
		};
		3DA9FFAD26D704EA00CF9023 /* Practica2UITests */ = {
			isa = PBXNativeTarget;
			buildConfigurationList = 3DA9FFBD26D704EA00CF9023 /* Build configuration list for PBXNativeTarget "Practica2UITests" */;
			buildPhases = (
				3DA9FFAA26D704EA00CF9023 /* Sources */,
				3DA9FFAB26D704EA00CF9023 /* Frameworks */,
				3DA9FFAC26D704EA00CF9023 /* Resources */,
			);
			buildRules = (
			);
			dependencies = (
				3DA9FFB026D704EA00CF9023 /* PBXTargetDependency */,
			);
			name = Practica2UITests;
			productName = Practica2UITests;
			productReference = 3DA9FFAE26D704EA00CF9023 /* Practica2UITests.xctest */;
			productType = "com.apple.product-type.bundle.ui-testing";
		};
/* End PBXNativeTarget section */

/* Begin PBXProject section */
		3DA9FF8726D704E800CF9023 /* Project object */ = {
			isa = PBXProject;
			attributes = {
				LastSwiftUpdateCheck = 0940;
				LastUpgradeCheck = 0940;
				ORGANIZATIONNAME = Alumno;
				TargetAttributes = {
					3DA9FF8E26D704E800CF9023 = {
						CreatedOnToolsVersion = 9.4.1;
					};
					3DA9FFA226D704EA00CF9023 = {
						CreatedOnToolsVersion = 9.4.1;
						TestTargetID = 3DA9FF8E26D704E800CF9023;
					};
					3DA9FFAD26D704EA00CF9023 = {
						CreatedOnToolsVersion = 9.4.1;
						TestTargetID = 3DA9FF8E26D704E800CF9023;
					};
				};
			};
			buildConfigurationList = 3DA9FF8A26D704E800CF9023 /* Build configuration list for PBXProject "Practica2" */;
			compatibilityVersion = "Xcode 9.3";
			developmentRegion = en;
			hasScannedForEncodings = 0;
			knownRegions = (
				en,
				Base,
			);
			mainGroup = 3DA9FF8626D704E800CF9023;
			productRefGroup = 3DA9FF9026D704E800CF9023 /* Products */;
			projectDirPath = "";
			projectRoot = "";
			targets = (
				3DA9FF8E26D704E800CF9023 /* Practica2 */,
				3DA9FFA226D704EA00CF9023 /* Practica2Tests */,
				3DA9FFAD26D704EA00CF9023 /* Practica2UITests */,
			);
		};
/* End PBXProject section */

/* Begin PBXResourcesBuildPhase section */
		3DA9FF8D26D704E800CF9023 /* Resources */ = {
			isa = PBXResourcesBuildPhase;
			buildActionMask = 2147483647;
			files = (
				3DA9FF9D26D704EA00CF9023 /* LaunchScreen.storyboard in Resources */,
				3DA9FF9A26D704EA00CF9023 /* Assets.xcassets in Resources */,
				3DA9FF9826D704E800CF9023 /* Main.storyboard in Resources */,
			);
			runOnlyForDeploymentPostprocessing = 0;
		};
		3DA9FFA126D704EA00CF9023 /* Resources */ = {
			isa = PBXResourcesBuildPhase;
			buildActionMask = 2147483647;
			files = (
			);
			runOnlyForDeploymentPostprocessing = 0;
		};
		3DA9FFAC26D704EA00CF9023 /* Resources */ = {
			isa = PBXResourcesBuildPhase;
			buildActionMask = 2147483647;
			files = (
			);
			runOnlyForDeploymentPostprocessing = 0;
		};
/* End PBXResourcesBuildPhase section */

/* Begin PBXSourcesBuildPhase section */
		3DA9FF8B26D704E800CF9023 /* Sources */ = {
			isa = PBXSourcesBuildPhase;
			buildActionMask = 2147483647;
			files = (
				3DA9FF9526D704E800CF9023 /* ViewController.swift in Sources */,
				3DA9FF9326D704E800CF9023 /* AppDelegate.swift in Sources */,
			);
			runOnlyForDeploymentPostprocessing = 0;
		};
		3DA9FF9F26D704EA00CF9023 /* Sources */ = {
			isa = PBXSourcesBuildPhase;
			buildActionMask = 2147483647;
			files = (
				3DA9FFA826D704EA00CF9023 /* Practica2Tests.swift in Sources */,
			);
			runOnlyForDeploymentPostprocessing = 0;
		};
		3DA9FFAA26D704EA00CF9023 /* Sources */ = {
			isa = PBXSourcesBuildPhase;
			buildActionMask = 2147483647;
			files = (
				3DA9FFB326D704EA00CF9023 /* Practica2UITests.swift in Sources */,
			);
			runOnlyForDeploymentPostprocessing = 0;
		};
/* End PBXSourcesBuildPhase section */

/* Begin PBXTargetDependency section */
		3DA9FFA526D704EA00CF9023 /* PBXTargetDependency */ = {
			isa = PBXTargetDependency;
			target = 3DA9FF8E26D704E800CF9023 /* Practica2 */;
			targetProxy = 3DA9FFA426D704EA00CF9023 /* PBXContainerItemProxy */;
		};
		3DA9FFB026D704EA00CF9023 /* PBXTargetDependency */ = {
			isa = PBXTargetDependency;
			target = 3DA9FF8E26D704E800CF9023 /* Practica2 */;
			targetProxy = 3DA9FFAF26D704EA00CF9023 /* PBXContainerItemProxy */;
		};
/* End PBXTargetDependency section */

/* Begin PBXVariantGroup section */
		3DA9FF9626D704E800CF9023 /* Main.storyboard */ = {
			isa = PBXVariantGroup;
			children = (
				3DA9FF9726D704E800CF9023 /* Base */,
			);
			name = Main.storyboard;
			sourceTree = "<group>";
		};
		3DA9FF9B26D704EA00CF9023 /* LaunchScreen.storyboard */ = {
			isa = PBXVariantGroup;
			children = (
				3DA9FF9C26D704EA00CF9023 /* Base */,
			);
			name = LaunchScreen.storyboard;
			sourceTree = "<group>";
		};
/* End PBXVariantGroup section */

/* Begin XCBuildConfiguration section */
		3DA9FFB526D704EA00CF9023 /* Debug */ = {
			isa = XCBuildConfiguration;
			buildSettings = {
				ALWAYS_SEARCH_USER_PATHS = NO;
				CLANG_ANALYZER_NONNULL = YES;
				CLANG_ANALYZER_NUMBER_OBJECT_CONVERSION = YES_AGGRESSIVE;
				CLANG_CXX_LANGUAGE_STANDARD = "gnu++14";
				CLANG_CXX_LIBRARY = "libc++";
				CLANG_ENABLE_MODULES = YES;
				CLANG_ENABLE_OBJC_ARC = YES;
				CLANG_ENABLE_OBJC_WEAK = YES;
				CLANG_WARN_BLOCK_CAPTURE_AUTORELEASING = YES;
				CLANG_WARN_BOOL_CONVERSION = YES;
				CLANG_WARN_COMMA = YES;
				CLANG_WARN_CONSTANT_CONVERSION = YES;
				CLANG_WARN_DEPRECATED_OBJC_IMPLEMENTATIONS = YES;
				CLANG_WARN_DIRECT_OBJC_ISA_USAGE = YES_ERROR;
				CLANG_WARN_DOCUMENTATION_COMMENTS = YES;
				CLANG_WARN_EMPTY_BODY = YES;
				CLANG_WARN_ENUM_CONVERSION = YES;
				CLANG_WARN_INFINITE_RECURSION = YES;
				CLANG_WARN_INT_CONVERSION = YES;
				CLANG_WARN_NON_LITERAL_NULL_CONVERSION = YES;
				CLANG_WARN_OBJC_IMPLICIT_RETAIN_SELF = YES;
				CLANG_WARN_OBJC_LITERAL_CONVERSION = YES;
				CLANG_WARN_OBJC_ROOT_CLASS = YES_ERROR;
				CLANG_WARN_RANGE_LOOP_ANALYSIS = YES;
				CLANG_WARN_STRICT_PROTOTYPES = YES;
				CLANG_WARN_SUSPICIOUS_MOVE = YES;
				CLANG_WARN_UNGUARDED_AVAILABILITY = YES_AGGRESSIVE;
				CLANG_WARN_UNREACHABLE_CODE = YES;
				CLANG_WARN__DUPLICATE_METHOD_MATCH = YES;
				CODE_SIGN_IDENTITY = "iPhone Developer";
				COPY_PHASE_STRIP = NO;
				DEBUG_INFORMATION_FORMAT = dwarf;
				ENABLE_STRICT_OBJC_MSGSEND = YES;
				ENABLE_TESTABILITY = YES;
				GCC_C_LANGUAGE_STANDARD = gnu11;
				GCC_DYNAMIC_NO_PIC = NO;
				GCC_NO_COMMON_BLOCKS = YES;
				GCC_OPTIMIZATION_LEVEL = 0;
				GCC_PREPROCESSOR_DEFINITIONS = (
					"DEBUG=1",
					"$(inherited)",
				);
				GCC_WARN_64_TO_32_BIT_CONVERSION = YES;
				GCC_WARN_ABOUT_RETURN_TYPE = YES_ERROR;
				GCC_WARN_UNDECLARED_SELECTOR = YES;
				GCC_WARN_UNINITIALIZED_AUTOS = YES_AGGRESSIVE;
				GCC_WARN_UNUSED_FUNCTION = YES;
				GCC_WARN_UNUSED_VARIABLE = YES;
				IPHONEOS_DEPLOYMENT_TARGET = 11.4;
				MTL_ENABLE_DEBUG_INFO = YES;
				ONLY_ACTIVE_ARCH = YES;
				SDKROOT = iphoneos;
				SWIFT_ACTIVE_COMPILATION_CONDITIONS = DEBUG;
				SWIFT_OPTIMIZATION_LEVEL = "-Onone";
			};
			name = Debug;
		};
		3DA9FFB626D704EA00CF9023 /* Release */ = {
			isa = XCBuildConfiguration;
			buildSettings = {
				ALWAYS_SEARCH_USER_PATHS = NO;
				CLANG_ANALYZER_NONNULL = YES;
				CLANG_ANALYZER_NUMBER_OBJECT_CONVERSION = YES_AGGRESSIVE;
				CLANG_CXX_LANGUAGE_STANDARD = "gnu++14";
				CLANG_CXX_LIBRARY = "libc++";
				CLANG_ENABLE_MODULES = YES;
				CLANG_ENABLE_OBJC_ARC = YES;
				CLANG_ENABLE_OBJC_WEAK = YES;
				CLANG_WARN_BLOCK_CAPTURE_AUTORELEASING = YES;
				CLANG_WARN_BOOL_CONVERSION = YES;
				CLANG_WARN_COMMA = YES;
				CLANG_WARN_CONSTANT_CONVERSION = YES;
				CLANG_WARN_DEPRECATED_OBJC_IMPLEMENTATIONS = YES;
				CLANG_WARN_DIRECT_OBJC_ISA_USAGE = YES_ERROR;
				CLANG_WARN_DOCUMENTATION_COMMENTS = YES;
				CLANG_WARN_EMPTY_BODY = YES;
				CLANG_WARN_ENUM_CONVERSION = YES;
				CLANG_WARN_INFINITE_RECURSION = YES;
				CLANG_WARN_INT_CONVERSION = YES;
				CLANG_WARN_NON_LITERAL_NULL_CONVERSION = YES;
				CLANG_WARN_OBJC_IMPLICIT_RETAIN_SELF = YES;
				CLANG_WARN_OBJC_LITERAL_CONVERSION = YES;
				CLANG_WARN_OBJC_ROOT_CLASS = YES_ERROR;
				CLANG_WARN_RANGE_LOOP_ANALYSIS = YES;
				CLANG_WARN_STRICT_PROTOTYPES = YES;
				CLANG_WARN_SUSPICIOUS_MOVE = YES;
				CLANG_WARN_UNGUARDED_AVAILABILITY = YES_AGGRESSIVE;
				CLANG_WARN_UNREACHABLE_CODE = YES;
				CLANG_WARN__DUPLICATE_METHOD_MATCH = YES;
				CODE_SIGN_IDENTITY = "iPhone Developer";
				COPY_PHASE_STRIP = NO;
				DEBUG_INFORMATION_FORMAT = "dwarf-with-dsym";
				ENABLE_NS_ASSERTIONS = NO;
				ENABLE_STRICT_OBJC_MSGSEND = YES;
				GCC_C_LANGUAGE_STANDARD = gnu11;
				GCC_NO_COMMON_BLOCKS = YES;
				GCC_WARN_64_TO_32_BIT_CONVERSION = YES;
				GCC_WARN_ABOUT_RETURN_TYPE = YES_ERROR;
				GCC_WARN_UNDECLARED_SELECTOR = YES;
				GCC_WARN_UNINITIALIZED_AUTOS = YES_AGGRESSIVE;
				GCC_WARN_UNUSED_FUNCTION = YES;
				GCC_WARN_UNUSED_VARIABLE = YES;
				IPHONEOS_DEPLOYMENT_TARGET = 11.4;
				MTL_ENABLE_DEBUG_INFO = NO;
				SDKROOT = iphoneos;
				SWIFT_COMPILATION_MODE = wholemodule;
				SWIFT_OPTIMIZATION_LEVEL = "-O";
				VALIDATE_PRODUCT = YES;
			};
			name = Release;
		};
		3DA9FFB826D704EA00CF9023 /* Debug */ = {
			isa = XCBuildConfiguration;
			buildSettings = {
				ASSETCATALOG_COMPILER_APPICON_NAME = AppIcon;
				CODE_SIGN_STYLE = Automatic;
				INFOPLIST_FILE = Practica2/Info.plist;
				LD_RUNPATH_SEARCH_PATHS = (
					"$(inherited)",
					"@executable_path/Frameworks",
				);
				PRODUCT_BUNDLE_IDENTIFIER = edu.ulsa.Practica2;
				PRODUCT_NAME = "$(TARGET_NAME)";
				SWIFT_VERSION = 4.0;
				TARGETED_DEVICE_FAMILY = "1,2";
			};
			name = Debug;
		};
		3DA9FFB926D704EA00CF9023 /* Release */ = {
			isa = XCBuildConfiguration;
			buildSettings = {
				ASSETCATALOG_COMPILER_APPICON_NAME = AppIcon;
				CODE_SIGN_STYLE = Automatic;
				INFOPLIST_FILE = Practica2/Info.plist;
				LD_RUNPATH_SEARCH_PATHS = (
					"$(inherited)",
					"@executable_path/Frameworks",
				);
				PRODUCT_BUNDLE_IDENTIFIER = edu.ulsa.Practica2;
				PRODUCT_NAME = "$(TARGET_NAME)";
				SWIFT_VERSION = 4.0;
				TARGETED_DEVICE_FAMILY = "1,2";
			};
			name = Release;
		};
		3DA9FFBB26D704EA00CF9023 /* Debug */ = {
			isa = XCBuildConfiguration;
			buildSettings = {
				ALWAYS_EMBED_SWIFT_STANDARD_LIBRARIES = YES;
				BUNDLE_LOADER = "$(TEST_HOST)";
				CODE_SIGN_STYLE = Automatic;
				INFOPLIST_FILE = Practica2Tests/Info.plist;
				LD_RUNPATH_SEARCH_PATHS = (
					"$(inherited)",
					"@executable_path/Frameworks",
					"@loader_path/Frameworks",
				);
				PRODUCT_BUNDLE_IDENTIFIER = edu.ulsa.Practica2Tests;
				PRODUCT_NAME = "$(TARGET_NAME)";
				SWIFT_VERSION = 4.0;
				TARGETED_DEVICE_FAMILY = "1,2";
				TEST_HOST = "$(BUILT_PRODUCTS_DIR)/Practica2.app/Practica2";
			};
			name = Debug;
		};
		3DA9FFBC26D704EA00CF9023 /* Release */ = {
			isa = XCBuildConfiguration;
			buildSettings = {
				ALWAYS_EMBED_SWIFT_STANDARD_LIBRARIES = YES;
				BUNDLE_LOADER = "$(TEST_HOST)";
				CODE_SIGN_STYLE = Automatic;
				INFOPLIST_FILE = Practica2Tests/Info.plist;
				LD_RUNPATH_SEARCH_PATHS = (
					"$(inherited)",
					"@executable_path/Frameworks",
					"@loader_path/Frameworks",
				);
				PRODUCT_BUNDLE_IDENTIFIER = edu.ulsa.Practica2Tests;
				PRODUCT_NAME = "$(TARGET_NAME)";
				SWIFT_VERSION = 4.0;
				TARGETED_DEVICE_FAMILY = "1,2";
				TEST_HOST = "$(BUILT_PRODUCTS_DIR)/Practica2.app/Practica2";
			};
			name = Release;
		};
		3DA9FFBE26D704EA00CF9023 /* Debug */ = {
			isa = XCBuildConfiguration;
			buildSettings = {
				ALWAYS_EMBED_SWIFT_STANDARD_LIBRARIES = YES;
				CODE_SIGN_STYLE = Automatic;
				INFOPLIST_FILE = Practica2UITests/Info.plist;
				LD_RUNPATH_SEARCH_PATHS = (
					"$(inherited)",
					"@executable_path/Frameworks",
					"@loader_path/Frameworks",
				);
				PRODUCT_BUNDLE_IDENTIFIER = edu.ulsa.Practica2UITests;
				PRODUCT_NAME = "$(TARGET_NAME)";
				SWIFT_VERSION = 4.0;
				TARGETED_DEVICE_FAMILY = "1,2";
				TEST_TARGET_NAME = Practica2;
			};
			name = Debug;
		};
		3DA9FFBF26D704EA00CF9023 /* Release */ = {
			isa = XCBuildConfiguration;
			buildSettings = {
				ALWAYS_EMBED_SWIFT_STANDARD_LIBRARIES = YES;
				CODE_SIGN_STYLE = Automatic;
				INFOPLIST_FILE = Practica2UITests/Info.plist;
				LD_RUNPATH_SEARCH_PATHS = (
					"$(inherited)",
					"@executable_path/Frameworks",
					"@loader_path/Frameworks",
				);
				PRODUCT_BUNDLE_IDENTIFIER = edu.ulsa.Practica2UITests;
				PRODUCT_NAME = "$(TARGET_NAME)";
				SWIFT_VERSION = 4.0;
				TARGETED_DEVICE_FAMILY = "1,2";
				TEST_TARGET_NAME = Practica2;
			};
			name = Release;
		};
/* End XCBuildConfiguration section */

/* Begin XCConfigurationList section */
		3DA9FF8A26D704E800CF9023 /* Build configuration list for PBXProject "Practica2" */ = {
			isa = XCConfigurationList;
			buildConfigurations = (
				3DA9FFB526D704EA00CF9023 /* Debug */,
				3DA9FFB626D704EA00CF9023 /* Release */,
			);
			defaultConfigurationIsVisible = 0;
			defaultConfigurationName = Release;
		};
		3DA9FFB726D704EA00CF9023 /* Build configuration list for PBXNativeTarget "Practica2" */ = {
			isa = XCConfigurationList;
			buildConfigurations = (
				3DA9FFB826D704EA00CF9023 /* Debug */,
				3DA9FFB926D704EA00CF9023 /* Release */,
			);
			defaultConfigurationIsVisible = 0;
			defaultConfigurationName = Release;
		};
		3DA9FFBA26D704EA00CF9023 /* Build configuration list for PBXNativeTarget "Practica2Tests" */ = {
			isa = XCConfigurationList;
			buildConfigurations = (
				3DA9FFBB26D704EA00CF9023 /* Debug */,
				3DA9FFBC26D704EA00CF9023 /* Release */,
			);
			defaultConfigurationIsVisible = 0;
			defaultConfigurationName = Release;
		};
		3DA9FFBD26D704EA00CF9023 /* Build configuration list for PBXNativeTarget "Practica2UITests" */ = {
			isa = XCConfigurationList;
			buildConfigurations = (
				3DA9FFBE26D704EA00CF9023 /* Debug */,
				3DA9FFBF26D704EA00CF9023 /* Release */,
			);
			defaultConfigurationIsVisible = 0;
			defaultConfigurationName = Release;
		};
/* End XCConfigurationList section */
	};
	rootObject = 3DA9FF8726D704E800CF9023 /* Project object */;
}
